
Microsoft Visual Studio Solution File, Format Version 12.00
# Visual Studio Version 17
VisualStudioVersion = 17.9.34714.143
MinimumVisualStudioVersion = 10.0.40219.1
Project("{FAE04EC0-301F-11D3-BF4B-00C04F79EFBC}") = "AudiSoftPruebaTecnica", "AudiSoftPruebaTecnica\AudiSoftPruebaTecnica.csproj", "{A74D5F4F-1324-4187-8981-A9019E694C4F}"
EndProject
Project("{FAE04EC0-301F-11D3-BF4B-00C04F79EFBC}") = "DB", "DB\DB.csproj", "{19023E6C-650B-4529-92C0-C24E59F3F36E}"
EndProject
Global
	GlobalSection(SolutionConfigurationPlatforms) = preSolution
		Debug|Any CPU = Debug|Any CPU
		Release|Any CPU = Release|Any CPU
	EndGlobalSection
	GlobalSection(ProjectConfigurationPlatforms) = postSolution
		{A74D5F4F-1324-4187-8981-A9019E694C4F}.Debug|Any CPU.ActiveCfg = Debug|Any CPU
		{A74D5F4F-1324-4187-8981-A9019E694C4F}.Debug|Any CPU.Build.0 = Debug|Any CPU
		{A74D5F4F-1324-4187-8981-A9019E694C4F}.Release|Any CPU.ActiveCfg = Release|Any CPU
		{A74D5F4F-1324-4187-8981-A9019E694C4F}.Release|Any CPU.Build.0 = Release|Any CPU
		{19023E6C-650B-4529-92C0-C24E59F3F36E}.Debug|Any CPU.ActiveCfg = Debug|Any CPU
		{19023E6C-650B-4529-92C0-C24E59F3F36E}.Debug|Any CPU.Build.0 = Debug|Any CPU
		{19023E6C-650B-4529-92C0-C24E59F3F36E}.Release|Any CPU.ActiveCfg = Release|Any CPU
		{19023E6C-650B-4529-92C0-C24E59F3F36E}.Release|Any CPU.Build.0 = Release|Any CPU
	EndGlobalSection
	GlobalSection(SolutionProperties) = preSolution
		HideSolutionNode = FALSE
	EndGlobalSection
	GlobalSection(ExtensibilityGlobals) = postSolution
		SolutionGuid = {C4653F84-8BAF-4B40-926D-FECC9D391CA7}
	EndGlobalSection
EndGlobal
